{
  "object": {
    "pins": [
      {
        "package": "Utilities",
        "repositoryURL": "https://github.com/GeoffBurns/Utilities",
        "state": {
          "branch": null,
          "revision": "51031c60eef6b38800e6e7b0954cbc951ced718e",
          "version": "0.1.5"
        }
      }
    ]
  },
  "version": 1
}
