{
  "object": {
    "pins": [
      {
        "package": "Utilities",
        "repositoryURL": "https://github.com/GeoffBurns/Utilities",
        "state": {
          "branch": null,
          "revision": "2fcdbe2eda0c9f999c07ec041e79976dd589d4bb",
          "version": "0.1.8"
        }
      }
    ]
  },
  "version": 1
}
